// !$*UTF8*$!
{
	archiveVersion = 1;
	classes = {
	};
	objectVersion = 46;
	objects = {

/* Begin PBXBuildFile section */
		263506491F5B060700A6C474 /* AppDelegate.swift in Sources */ = {isa = PBXBuildFile; fileRef = 263506481F5B060700A6C474 /* AppDelegate.swift */; };
		2635064B1F5B060700A6C474 /* ViewController.swift in Sources */ = {isa = PBXBuildFile; fileRef = 2635064A1F5B060700A6C474 /* ViewController.swift */; };
		2635064E1F5B060700A6C474 /* Main.storyboard in Resources */ = {isa = PBXBuildFile; fileRef = 2635064C1F5B060700A6C474 /* Main.storyboard */; };
		263506501F5B060700A6C474 /* Assets.xcassets in Resources */ = {isa = PBXBuildFile; fileRef = 2635064F1F5B060700A6C474 /* Assets.xcassets */; };
		263506531F5B060700A6C474 /* LaunchScreen.storyboard in Resources */ = {isa = PBXBuildFile; fileRef = 263506511F5B060700A6C474 /* LaunchScreen.storyboard */; };
/* End PBXBuildFile section */

/* Begin PBXFileReference section */
		263506451F5B060700A6C474 /* Meidu.app */ = {isa = PBXFileReference; explicitFileType = wrapper.application; includeInIndex = 0; path = Meidu.app; sourceTree = BUILT_PRODUCTS_DIR; };
		263506481F5B060700A6C474 /* AppDelegate.swift */ = {isa = PBXFileReference; lastKnownFileType = sourcecode.swift; path = AppDelegate.swift; sourceTree = "<group>"; };
		2635064A1F5B060700A6C474 /* ViewController.swift */ = {isa = PBXFileReference; lastKnownFileType = sourcecode.swift; path = ViewController.swift; sourceTree = "<group>"; };
		2635064D1F5B060700A6C474 /* Base */ = {isa = PBXFileReference; lastKnownFileType = file.storyboard; name = Base; path = Base.lproj/Main.storyboard; sourceTree = "<group>"; };
		2635064F1F5B060700A6C474 /* Assets.xcassets */ = {isa = PBXFileReference; lastKnownFileType = folder.assetcatalog; path = Assets.xcassets; sourceTree = "<group>"; };
		263506521F5B060700A6C474 /* Base */ = {isa = PBXFileReference; lastKnownFileType = file.storyboard; name = Base; path = Base.lproj/LaunchScreen.storyboard; sourceTree = "<group>"; };
		263506541F5B060700A6C474 /* Info.plist */ = {isa = PBXFileReference; lastKnownFileType = text.plist.xml; path = Info.plist; sourceTree = "<group>"; };
/* End PBXFileReference section */

/* Begin PBXFrameworksBuildPhase section */
		263506421F5B060700A6C474 /* Frameworks */ = {
			isa = PBXFrameworksBuildPhase;
			buildActionMask = 2147483647;
			files = (
			);
			runOnlyForDeploymentPostprocessing = 0;
		};
/* End PBXFrameworksBuildPhase section */

/* Begin PBXGroup section */
		2635063C1F5B060700A6C474 = {
			isa = PBXGroup;
			children = (
				263506471F5B060700A6C474 /* Meidu */,
				263506461F5B060700A6C474 /* Products */,
			);
			sourceTree = "<group>";
		};
		263506461F5B060700A6C474 /* Products */ = {
			isa = PBXGroup;
			children = (
				263506451F5B060700A6C474 /* Meidu.app */,
			);
			name = Products;
			sourceTree = "<group>";
		};
		263506471F5B060700A6C474 /* Meidu */ = {
			isa = PBXGroup;
			children = (
				263506481F5B060700A6C474 /* AppDelegate.swift */,
				2635064A1F5B060700A6C474 /* ViewController.swift */,
				2635064C1F5B060700A6C474 /* Main.storyboard */,
				2635064F1F5B060700A6C474 /* Assets.xcassets */,
				263506511F5B060700A6C474 /* LaunchScreen.storyboard */,
				263506541F5B060700A6C474 /* Info.plist */,
			);
			path = Meidu;
			sourceTree = "<group>";
		};
/* End PBXGroup section */

/* Begin PBXNativeTarget section */
		263506441F5B060700A6C474 /* Meidu */ = {
			isa = PBXNativeTarget;
			buildConfigurationList = 263506571F5B060700A6C474 /* Build configuration list for PBXNativeTarget "Meidu" */;
			buildPhases = (
				263506411F5B060700A6C474 /* Sources */,
				263506421F5B060700A6C474 /* Frameworks */,
				263506431F5B060700A6C474 /* Resources */,
			);
			buildRules = (
			);
			dependencies = (
			);
			name = Meidu;
			productName = Meidu;
			productReference = 263506451F5B060700A6C474 /* Meidu.app */;
			productType = "com.apple.product-type.application";
		};
/* End PBXNativeTarget section */

/* Begin PBXProject section */
		2635063D1F5B060700A6C474 /* Project object */ = {
			isa = PBXProject;
			attributes = {
				LastSwiftUpdateCheck = 0830;
				LastUpgradeCheck = 0830;
				ORGANIZATIONNAME = "William Huang";
				TargetAttributes = {
					263506441F5B060700A6C474 = {
						CreatedOnToolsVersion = 8.3.3;
						ProvisioningStyle = Automatic;
					};
				};
			};
			buildConfigurationList = 263506401F5B060700A6C474 /* Build configuration list for PBXProject "Meidu" */;
			compatibilityVersion = "Xcode 3.2";
			developmentRegion = English;
			hasScannedForEncodings = 0;
			knownRegions = (
				en,
				Base,
			);
			mainGroup = 2635063C1F5B060700A6C474;
			productRefGroup = 263506461F5B060700A6C474 /* Products */;
			projectDirPath = "";
			projectRoot = "";
			targets = (
				263506441F5B060700A6C474 /* Meidu */,
			);
		};
/* End PBXProject section */

/* Begin PBXResourcesBuildPhase section */
		263506431F5B060700A6C474 /* Resources */ = {
			isa = PBXResourcesBuildPhase;
			buildActionMask = 2147483647;
			files = (
				263506531F5B060700A6C474 /* LaunchScreen.storyboard in Resources */,
				263506501F5B060700A6C474 /* Assets.xcassets in Resources */,
				2635064E1F5B060700A6C474 /* Main.storyboard in Resources */,
			);
			runOnlyForDeploymentPostprocessing = 0;
		};
/* End PBXResourcesBuildPhase section */

/* Begin PBXSourcesBuildPhase section */
		263506411F5B060700A6C474 /* Sources */ = {
			isa = PBXSourcesBuildPhase;
			buildActionMask = 2147483647;
			files = (
				2635064B1F5B060700A6C474 /* ViewController.swift in Sources */,
				263506491F5B060700A6C474 /* AppDelegate.swift in Sources */,
			);
			runOnlyForDeploymentPostprocessing = 0;
		};
/* End PBXSourcesBuildPhase section */

/* Begin PBXVariantGroup section */
		2635064C1F5B060700A6C474 /* Main.storyboard */ = {
			isa = PBXVariantGroup;
			children = (
				2635064D1F5B060700A6C474 /* Base */,
			);
			name = Main.storyboard;
			sourceTree = "<group>";
		};
		263506511F5B060700A6C474 /* LaunchScreen.storyboard */ = {
			isa = PBXVariantGroup;
			children = (
				263506521F5B060700A6C474 /* Base */,
			);
			name = LaunchScreen.storyboard;
			sourceTree = "<group>";
		};
/* End PBXVariantGroup section */

/* Begin XCBuildConfiguration section */
		263506551F5B060700A6C474 /* Debug */ = {
			isa = XCBuildConfiguration;
			buildSettings = {
				ALWAYS_SEARCH_USER_PATHS = NO;
				CLANG_ANALYZER_NONNULL = YES;
				CLANG_ANALYZER_NUMBER_OBJECT_CONVERSION = YES_AGGRESSIVE;
				CLANG_CXX_LANGUAGE_STANDARD = "gnu++0x";
				CLANG_CXX_LIBRARY = "libc++";
				CLANG_ENABLE_MODULES = YES;
				CLANG_ENABLE_OBJC_ARC = YES;
				CLANG_WARN_BOOL_CONVERSION = YES;
				CLANG_WARN_CONSTANT_CONVERSION = YES;
				CLANG_WARN_DIRECT_OBJC_ISA_USAGE = YES_ERROR;
				CLANG_WARN_DOCUMENTATION_COMMENTS = YES;
				CLANG_WARN_EMPTY_BODY = YES;
				CLANG_WARN_ENUM_CONVERSION = YES;
				CLANG_WARN_INFINITE_RECURSION = YES;
				CLANG_WARN_INT_CONVERSION = YES;
				CLANG_WARN_OBJC_ROOT_CLASS = YES_ERROR;
				CLANG_WARN_SUSPICIOUS_MOVE = YES;
				CLANG_WARN_UNREACHABLE_CODE = YES;
				CLANG_WARN__DUPLICATE_METHOD_MATCH = YES;
				"CODE_SIGN_IDENTITY[sdk=iphoneos*]" = "iPhone Developer";
				COPY_PHASE_STRIP = NO;
				DEBUG_INFORMATION_FORMAT = dwarf;
				ENABLE_STRICT_OBJC_MSGSEND = YES;
				ENABLE_TESTABILITY = YES;
				GCC_C_LANGUAGE_STANDARD = gnu99;
				GCC_DYNAMIC_NO_PIC = NO;
				GCC_NO_COMMON_BLOCKS = YES;
				GCC_OPTIMIZATION_LEVEL = 0;
				GCC_PREPROCESSOR_DEFINITIONS = (
					"DEBUG=1",
					"$(inherited)",
				);
				GCC_WARN_64_TO_32_BIT_CONVERSION = YES;
				GCC_WARN_ABOUT_RETURN_TYPE = YES_ERROR;
				GCC_WARN_UNDECLARED_SELECTOR = YES;
				GCC_WARN_UNINITIALIZED_AUTOS = YES_AGGRESSIVE;
				GCC_WARN_UNUSED_FUNCTION = YES;
				GCC_WARN_UNUSED_VARIABLE = YES;
				IPHONEOS_DEPLOYMENT_TARGET = 10.3;
				MTL_ENABLE_DEBUG_INFO = YES;
				ONLY_ACTIVE_ARCH = YES;
				SDKROOT = iphoneos;
				SWIFT_ACTIVE_COMPILATION_CONDITIONS = DEBUG;
				SWIFT_OPTIMIZATION_LEVEL = "-Onone";
				TARGETED_DEVICE_FAMILY = "1,2";
			};
			name = Debug;
		};
		263506561F5B060700A6C474 /* Release */ = {
			isa = XCBuildConfiguration;
			buildSettings = {
				ALWAYS_SEARCH_USER_PATHS = NO;
				CLANG_ANALYZER_NONNULL = YES;
				CLANG_ANALYZER_NUMBER_OBJECT_CONVERSION = YES_AGGRESSIVE;
				CLANG_CXX_LANGUAGE_STANDARD = "gnu++0x";
				CLANG_CXX_LIBRARY = "libc++";
				CLANG_ENABLE_MODULES = YES;
				CLANG_ENABLE_OBJC_ARC = YES;
				CLANG_WARN_BOOL_CONVERSION = YES;
				CLANG_WARN_CONSTANT_CONVERSION = YES;
				CLANG_WARN_DIRECT_OBJC_ISA_USAGE = YES_ERROR;
				CLANG_WARN_DOCUMENTATION_COMMENTS = YES;
				CLANG_WARN_EMPTY_BODY = YES;
				CLANG_WARN_ENUM_CONVERSION = YES;
				CLANG_WARN_INFINITE_RECURSION = YES;
				CLANG_WARN_INT_CONVERSION = YES;
				CLANG_WARN_OBJC_ROOT_CLASS = YES_ERROR;
				CLANG_WARN_SUSPICIOUS_MOVE = YES;
				CLANG_WARN_UNREACHABLE_CODE = YES;
				CLANG_WARN__DUPLICATE_METHOD_MATCH = YES;
				"CODE_SIGN_IDENTITY[sdk=iphoneos*]" = "iPhone Developer";
				COPY_PHASE_STRIP = NO;
				DEBUG_INFORMATION_FORMAT = "dwarf-with-dsym";
				ENABLE_NS_ASSERTIONS = NO;
				ENABLE_STRICT_OBJC_MSGSEND = YES;
				GCC_C_LANGUAGE_STANDARD = gnu99;
				GCC_NO_COMMON_BLOCKS = YES;
				GCC_WARN_64_TO_32_BIT_CONVERSION = YES;
				GCC_WARN_ABOUT_RETURN_TYPE = YES_ERROR;
				GCC_WARN_UNDECLARED_SELECTOR = YES;
				GCC_WARN_UNINITIALIZED_AUTOS = YES_AGGRESSIVE;
				GCC_WARN_UNUSED_FUNCTION = YES;
				GCC_WARN_UNUSED_VARIABLE = YES;
				IPHONEOS_DEPLOYMENT_TARGET = 10.3;
				MTL_ENABLE_DEBUG_INFO = NO;
				SDKROOT = iphoneos;
				SWIFT_OPTIMIZATION_LEVEL = "-Owholemodule";
				TARGETED_DEVICE_FAMILY = "1,2";
				VALIDATE_PRODUCT = YES;
			};
			name = Release;
		};
		263506581F5B060700A6C474 /* Debug */ = {
			isa = XCBuildConfiguration;
			buildSettings = {
				ASSETCATALOG_COMPILER_APPICON_NAME = AppIcon;
				INFOPLIST_FILE = Meidu/Info.plist;
				LD_RUNPATH_SEARCH_PATHS = "$(inherited) @executable_path/Frameworks";
				PRODUCT_BUNDLE_IDENTIFIER = Huangz.Meidu;
				PRODUCT_NAME = "$(TARGET_NAME)";
				SWIFT_VERSION = 3.0;
			};
			name = Debug;
		};
		263506591F5B060700A6C474 /* Release */ = {
			isa = XCBuildConfiguration;
			buildSettings = {
				ASSETCATALOG_COMPILER_APPICON_NAME = AppIcon;
				INFOPLIST_FILE = Meidu/Info.plist;
				LD_RUNPATH_SEARCH_PATHS = "$(inherited) @executable_path/Frameworks";
				PRODUCT_BUNDLE_IDENTIFIER = Huangz.Meidu;
				PRODUCT_NAME = "$(TARGET_NAME)";
				SWIFT_VERSION = 3.0;
			};
			name = Release;
		};
/* End XCBuildConfiguration section */

/* Begin XCConfigurationList section */
		263506401F5B060700A6C474 /* Build configuration list for PBXProject "Meidu" */ = {
			isa = XCConfigurationList;
			buildConfigurations = (
				263506551F5B060700A6C474 /* Debug */,
				263506561F5B060700A6C474 /* Release */,
			);
			defaultConfigurationIsVisible = 0;
			defaultConfigurationName = Release;
		};
		263506571F5B060700A6C474 /* Build configuration list for PBXNativeTarget "Meidu" */ = {
			isa = XCConfigurationList;
			buildConfigurations = (
				263506581F5B060700A6C474 /* Debug */,
				263506591F5B060700A6C474 /* Release */,
			);
			defaultConfigurationIsVisible = 0;
		};
/* End XCConfigurationList section */
	};
	rootObject = 2635063D1F5B060700A6C474 /* Project object */;
}
